
Microsoft Visual Studio Solution File, Format Version 12.00
# Visual Studio Version 16
VisualStudioVersion = 16.0.31410.357
MinimumVisualStudioVersion = 10.0.40219.1
Project("{FAE04EC0-301F-11D3-BF4B-00C04F79EFBC}") = "ürüntakip", "ürüntakip\ürüntakip.csproj", "{3E01D476-73E0-4DF4-9877-FD7E9318AED8}"
EndProject
Global
	GlobalSection(SolutionConfigurationPlatforms) = preSolution
		Debug|Any CPU = Debug|Any CPU
		Release|Any CPU = Release|Any CPU
	EndGlobalSection
	GlobalSection(ProjectConfigurationPlatforms) = postSolution
		{3E01D476-73E0-4DF4-9877-FD7E9318AED8}.Debug|Any CPU.ActiveCfg = Debug|Any CPU
		{3E01D476-73E0-4DF4-9877-FD7E9318AED8}.Debug|Any CPU.Build.0 = Debug|Any CPU
		{3E01D476-73E0-4DF4-9877-FD7E9318AED8}.Release|Any CPU.ActiveCfg = Release|Any CPU
		{3E01D476-73E0-4DF4-9877-FD7E9318AED8}.Release|Any CPU.Build.0 = Release|Any CPU
	EndGlobalSection
	GlobalSection(SolutionProperties) = preSolution
		HideSolutionNode = FALSE
	EndGlobalSection
	GlobalSection(ExtensibilityGlobals) = postSolution
		SolutionGuid = {539EB79B-8468-462D-9172-2F233B81BF08}
	EndGlobalSection
EndGlobal
